
Microsoft Visual Studio Solution File, Format Version 12.00
# Visual Studio 15
VisualStudioVersion = 15.0.28307.757
MinimumVisualStudioVersion = 10.0.40219.1
Project("{FAE04EC0-301F-11D3-BF4B-00C04F79EFBC}") = "devopsapp", "devopsapp\devopsapp.csproj", "{539E485D-16E2-450F-A8B4-DD3D9A4467CE}"
EndProject
Global
	GlobalSection(SolutionConfigurationPlatforms) = preSolution
		Debug|Any CPU = Debug|Any CPU
		Release|Any CPU = Release|Any CPU
	EndGlobalSection
	GlobalSection(ProjectConfigurationPlatforms) = postSolution
		{539E485D-16E2-450F-A8B4-DD3D9A4467CE}.Debug|Any CPU.ActiveCfg = Debug|Any CPU
		{539E485D-16E2-450F-A8B4-DD3D9A4467CE}.Debug|Any CPU.Build.0 = Debug|Any CPU
		{539E485D-16E2-450F-A8B4-DD3D9A4467CE}.Release|Any CPU.ActiveCfg = Release|Any CPU
		{539E485D-16E2-450F-A8B4-DD3D9A4467CE}.Release|Any CPU.Build.0 = Release|Any CPU
	EndGlobalSection
	GlobalSection(SolutionProperties) = preSolution
		HideSolutionNode = FALSE
	EndGlobalSection
	GlobalSection(ExtensibilityGlobals) = postSolution
		SolutionGuid = {75E4C0A2-F5AF-4BD4-A707-330A1FEAB469}
	EndGlobalSection
EndGlobal
